
Microsoft Visual Studio Solution File, Format Version 12.00
# Visual Studio Version 16
VisualStudioVersion = 16.0.29230.47
MinimumVisualStudioVersion = 10.0.40219.1
Project("{FAE04EC0-301F-11D3-BF4B-00C04F79EFBC}") = "myMLApp", "myMLApp\myMLApp.csproj", "{A74D5018-6D58-4353-98BA-16B080E2C9AE}"
EndProject
Project("{9A19103F-16F7-4668-BE54-9A1E7A4F7556}") = "myMLAppML.Model", "myMLAppML.Model\myMLAppML.Model.csproj", "{AB5D8FCF-A142-470E-BCDB-7075C22B853C}"
EndProject
Project("{9A19103F-16F7-4668-BE54-9A1E7A4F7556}") = "myMLAppML.ConsoleApp", "myMLAppML.ConsoleApp\myMLAppML.ConsoleApp.csproj", "{A8BF12D3-AE22-4F60-99BB-CAD00FE0D991}"
EndProject
Global
	GlobalSection(SolutionConfigurationPlatforms) = preSolution
		Debug|Any CPU = Debug|Any CPU
		Release|Any CPU = Release|Any CPU
	EndGlobalSection
	GlobalSection(ProjectConfigurationPlatforms) = postSolution
		{A74D5018-6D58-4353-98BA-16B080E2C9AE}.Debug|Any CPU.ActiveCfg = Debug|Any CPU
		{A74D5018-6D58-4353-98BA-16B080E2C9AE}.Debug|Any CPU.Build.0 = Debug|Any CPU
		{A74D5018-6D58-4353-98BA-16B080E2C9AE}.Release|Any CPU.ActiveCfg = Release|Any CPU
		{A74D5018-6D58-4353-98BA-16B080E2C9AE}.Release|Any CPU.Build.0 = Release|Any CPU
		{AB5D8FCF-A142-470E-BCDB-7075C22B853C}.Debug|Any CPU.ActiveCfg = Debug|Any CPU
		{AB5D8FCF-A142-470E-BCDB-7075C22B853C}.Debug|Any CPU.Build.0 = Debug|Any CPU
		{AB5D8FCF-A142-470E-BCDB-7075C22B853C}.Release|Any CPU.ActiveCfg = Release|Any CPU
		{AB5D8FCF-A142-470E-BCDB-7075C22B853C}.Release|Any CPU.Build.0 = Release|Any CPU
		{A8BF12D3-AE22-4F60-99BB-CAD00FE0D991}.Debug|Any CPU.ActiveCfg = Debug|Any CPU
		{A8BF12D3-AE22-4F60-99BB-CAD00FE0D991}.Debug|Any CPU.Build.0 = Debug|Any CPU
		{A8BF12D3-AE22-4F60-99BB-CAD00FE0D991}.Release|Any CPU.ActiveCfg = Release|Any CPU
		{A8BF12D3-AE22-4F60-99BB-CAD00FE0D991}.Release|Any CPU.Build.0 = Release|Any CPU
	EndGlobalSection
	GlobalSection(SolutionProperties) = preSolution
		HideSolutionNode = FALSE
	EndGlobalSection
	GlobalSection(ExtensibilityGlobals) = postSolution
		SolutionGuid = {6574EC8C-3938-4E40-8CF5-976401CD6AC6}
	EndGlobalSection
EndGlobal
